{
  "version": 4,
  "terraform_version": "1.1.4",
  "serial": 8,
  "lineage": "9a60adc8-51bb-6ae2-6aa1-76077ca4a3cc",
  "outputs": {},
  "resources": [
    {
      "mode": "managed",
      "type": "proxmox_vm_qemu",
      "name": "lb",
      "provider": "provider[\"registry.terraform.io/telmate/proxmox\"]",
      "instances": [
        {
          "index_key": 0,
          "schema_version": 0,
          "attributes": {
            "additional_wait": 15,
            "agent": 1,
            "args": "",
            "balloon": 0,
            "bios": "seabios",
            "boot": "cdn",
            "bootdisk": "scsi0",
            "bridge": "",
            "ci_wait": null,
            "cicustom": "",
            "cipassword": "",
            "ciuser": "root",
            "clone": "template",
            "clone_wait": 15,
            "cloudinit_cdrom_storage": null,
            "cores": 1,
            "cpu": "host",
            "default_ipv4_address": "192.168.1.221",
            "define_connection_info": true,
            "desc": "",
            "disk": [
              {
                "backup": 0,
                "cache": "none",
                "discard": "",
                "file": "vm-109-disk-0",
                "format": "raw",
                "iothread": 1,
                "mbps": 0,
                "mbps_rd": 0,
                "mbps_rd_max": 0,
                "mbps_wr": 0,
                "mbps_wr_max": 0,
                "media": "",
                "replicate": 0,
                "size": "5G",
                "slot": 0,
                "ssd": 0,
                "storage": "drive",
                "storage_type": "lvm",
                "type": "scsi",
                "volume": "drive:vm-109-disk-0"
              }
            ],
            "disk_gb": 0,
            "force_create": false,
            "force_recreate_on_change_of": null,
            "full_clone": true,
            "guest_agent_ready_timeout": 600,
            "hastate": "",
            "hotplug": "network,disk,usb",
            "id": "proxmox/qemu/109",
            "ipconfig0": "ip=192.168.1.221/24,gw=192.168.1.1",
            "ipconfig1": "",
            "ipconfig2": "",
            "iso": null,
            "kvm": true,
            "mac": "",
            "memory": 512,
            "name": "lb-01",
            "nameserver": "",
            "network": [
              {
                "bridge": "vmbr0",
                "firewall": false,
                "link_down": false,
                "macaddr": "22:CC:31:D3:19:50",
                "model": "virtio",
                "queues": 0,
                "rate": 0,
                "tag": -1
              }
            ],
            "nic": "",
            "numa": false,
            "onboot": true,
            "os_network_config": null,
            "os_type": "cloud-init",
            "pool": "",
            "preprovision": true,
            "qemu_os": "other",
            "reboot_required": false,
            "scsihw": "virtio-scsi-pci",
            "searchdomain": "",
            "serial": [],
            "sockets": 1,
            "ssh_forward_ip": null,
            "ssh_host": "192.168.1.221",
            "ssh_port": "22",
            "ssh_private_key": null,
            "ssh_user": null,
            "sshkeys": "  ssh-rsa AAAAB3NzaC1yc2EAAAADAQABAAABgQDi9PhI5M+VyTkBQuB6eh7TaF4ZHgkWF/zL7RCCMfv2eg2IG4lVhWxaTlbjoebAdxpjy1GuLGYG8Pc/rC+SfM3iBNKh+XaYHsqkxy0A75whcyT4L3lQB/LVaQlGnGLtHnlrdnB1FWZ71ThxkQdDpf2Ftrc9WLpjONF9vfJikgsTj5E7AalguXcv1f7iIuLCnKwxHSKt3izdZqBw+uFmoX49iWeyTeGmcfzCPv2cjceljuZrRlbKOLqVGBRKI+0PUYaful/1bogMs+IgWIRjDgWMe664VTfoxGJa2xHy9ua4tn7/VcbUUfUnWjloEtuSjpXOBA9yG7nJu5XTL+jK8Jpc89U0rQdKKTWTxa7VE1rfVcwQfZv7xhytho4iF75x6CvwvBHg9yR7PUV7KBFYWJMe1LuTFDBzco+od3mwlPN7DKD9Fm1ip3lxQOJmRW2bnIo+472Yy12J9/b1oU6QzABotwx2FoDnDNnrYR86EZJi12jRpNryLnDefNvCNhz59Xk= root@ubunt20\n\n",
            "storage": "",
            "storage_type": "",
            "tags": "",
            "target_node": "proxmox",
            "unused_disk": [],
            "vcpus": 0,
            "vga": [],
            "vlan": -1,
            "vmid": null
          },
          "sensitive_attributes": [],
          "private": "bnVsbA=="
        },
        {
          "index_key": 1,
          "schema_version": 0,
          "attributes": {
            "additional_wait": 15,
            "agent": 1,
            "args": "",
            "balloon": 0,
            "bios": "seabios",
            "boot": "cdn",
            "bootdisk": "scsi0",
            "bridge": "",
            "ci_wait": null,
            "cicustom": "",
            "cipassword": "",
            "ciuser": "root",
            "clone": "template",
            "clone_wait": 15,
            "cloudinit_cdrom_storage": null,
            "cores": 1,
            "cpu": "host",
            "default_ipv4_address": "192.168.1.222",
            "define_connection_info": true,
            "desc": "",
            "disk": [
              {
                "backup": 0,
                "cache": "none",
                "discard": "",
                "file": "vm-108-disk-0",
                "format": "raw",
                "iothread": 1,
                "mbps": 0,
                "mbps_rd": 0,
                "mbps_rd_max": 0,
                "mbps_wr": 0,
                "mbps_wr_max": 0,
                "media": "",
                "replicate": 0,
                "size": "5G",
                "slot": 0,
                "ssd": 0,
                "storage": "drive",
                "storage_type": "lvm",
                "type": "scsi",
                "volume": "drive:vm-108-disk-0"
              }
            ],
            "disk_gb": 0,
            "force_create": false,
            "force_recreate_on_change_of": null,
            "full_clone": true,
            "guest_agent_ready_timeout": 600,
            "hastate": "",
            "hotplug": "network,disk,usb",
            "id": "proxmox/qemu/108",
            "ipconfig0": "ip=192.168.1.222/24,gw=192.168.1.1",
            "ipconfig1": "",
            "ipconfig2": "",
            "iso": null,
            "kvm": true,
            "mac": "",
            "memory": 512,
            "name": "lb-02",
            "nameserver": "",
            "network": [
              {
                "bridge": "vmbr0",
                "firewall": false,
                "link_down": false,
                "macaddr": "36:7D:05:16:EC:E8",
                "model": "virtio",
                "queues": 0,
                "rate": 0,
                "tag": -1
              }
            ],
            "nic": "",
            "numa": false,
            "onboot": true,
            "os_network_config": null,
            "os_type": "cloud-init",
            "pool": "",
            "preprovision": true,
            "qemu_os": "other",
            "reboot_required": false,
            "scsihw": "virtio-scsi-pci",
            "searchdomain": "",
            "serial": [],
            "sockets": 1,
            "ssh_forward_ip": null,
            "ssh_host": "192.168.1.222",
            "ssh_port": "22",
            "ssh_private_key": null,
            "ssh_user": null,
            "sshkeys": "  ssh-rsa AAAAB3NzaC1yc2EAAAADAQABAAABgQDi9PhI5M+VyTkBQuB6eh7TaF4ZHgkWF/zL7RCCMfv2eg2IG4lVhWxaTlbjoebAdxpjy1GuLGYG8Pc/rC+SfM3iBNKh+XaYHsqkxy0A75whcyT4L3lQB/LVaQlGnGLtHnlrdnB1FWZ71ThxkQdDpf2Ftrc9WLpjONF9vfJikgsTj5E7AalguXcv1f7iIuLCnKwxHSKt3izdZqBw+uFmoX49iWeyTeGmcfzCPv2cjceljuZrRlbKOLqVGBRKI+0PUYaful/1bogMs+IgWIRjDgWMe664VTfoxGJa2xHy9ua4tn7/VcbUUfUnWjloEtuSjpXOBA9yG7nJu5XTL+jK8Jpc89U0rQdKKTWTxa7VE1rfVcwQfZv7xhytho4iF75x6CvwvBHg9yR7PUV7KBFYWJMe1LuTFDBzco+od3mwlPN7DKD9Fm1ip3lxQOJmRW2bnIo+472Yy12J9/b1oU6QzABotwx2FoDnDNnrYR86EZJi12jRpNryLnDefNvCNhz59Xk= root@ubunt20\n\n",
            "storage": "",
            "storage_type": "",
            "tags": "",
            "target_node": "proxmox",
            "unused_disk": [],
            "vcpus": 0,
            "vga": [],
            "vlan": -1,
            "vmid": null
          },
          "sensitive_attributes": [],
          "private": "bnVsbA=="
        }
      ]
    },
    {
      "mode": "managed",
      "type": "proxmox_vm_qemu",
      "name": "node",
      "provider": "provider[\"registry.terraform.io/telmate/proxmox\"]",
      "instances": [
        {
          "index_key": 0,
          "schema_version": 0,
          "attributes": {
            "additional_wait": 15,
            "agent": 1,
            "args": "",
            "balloon": 0,
            "bios": "seabios",
            "boot": "cdn",
            "bootdisk": "scsi0",
            "bridge": "",
            "ci_wait": null,
            "cicustom": "",
            "cipassword": "",
            "ciuser": "root",
            "clone": "template",
            "clone_wait": 15,
            "cloudinit_cdrom_storage": null,
            "cores": 2,
            "cpu": "host",
            "default_ipv4_address": "192.168.1.201",
            "define_connection_info": true,
            "desc": "",
            "disk": [
              {
                "backup": 0,
                "cache": "none",
                "discard": "",
                "file": "vm-102-disk-0",
                "format": "raw",
                "iothread": 1,
                "mbps": 0,
                "mbps_rd": 0,
                "mbps_rd_max": 0,
                "mbps_wr": 0,
                "mbps_wr_max": 0,
                "media": "",
                "replicate": 0,
                "size": "20G",
                "slot": 0,
                "ssd": 0,
                "storage": "drive",
                "storage_type": "lvm",
                "type": "scsi",
                "volume": "drive:vm-102-disk-0"
              }
            ],
            "disk_gb": 0,
            "force_create": false,
            "force_recreate_on_change_of": null,
            "full_clone": true,
            "guest_agent_ready_timeout": 600,
            "hastate": "",
            "hotplug": "network,disk,usb",
            "id": "proxmox/qemu/102",
            "ipconfig0": "ip=192.168.1.201/24,gw=192.168.1.1",
            "ipconfig1": "",
            "ipconfig2": "",
            "iso": null,
            "kvm": true,
            "mac": "",
            "memory": 4096,
            "name": "node-01",
            "nameserver": "",
            "network": [
              {
                "bridge": "vmbr0",
                "firewall": false,
                "link_down": false,
                "macaddr": "AE:2B:2C:DB:BD:32",
                "model": "virtio",
                "queues": 0,
                "rate": 0,
                "tag": -1
              }
            ],
            "nic": "",
            "numa": false,
            "onboot": true,
            "os_network_config": null,
            "os_type": "cloud-init",
            "pool": "",
            "preprovision": true,
            "qemu_os": "other",
            "reboot_required": false,
            "scsihw": "virtio-scsi-pci",
            "searchdomain": "",
            "serial": [],
            "sockets": 1,
            "ssh_forward_ip": null,
            "ssh_host": "192.168.1.201",
            "ssh_port": "22",
            "ssh_private_key": null,
            "ssh_user": null,
            "sshkeys": "  ssh-rsa AAAAB3NzaC1yc2EAAAADAQABAAABgQDi9PhI5M+VyTkBQuB6eh7TaF4ZHgkWF/zL7RCCMfv2eg2IG4lVhWxaTlbjoebAdxpjy1GuLGYG8Pc/rC+SfM3iBNKh+XaYHsqkxy0A75whcyT4L3lQB/LVaQlGnGLtHnlrdnB1FWZ71ThxkQdDpf2Ftrc9WLpjONF9vfJikgsTj5E7AalguXcv1f7iIuLCnKwxHSKt3izdZqBw+uFmoX49iWeyTeGmcfzCPv2cjceljuZrRlbKOLqVGBRKI+0PUYaful/1bogMs+IgWIRjDgWMe664VTfoxGJa2xHy9ua4tn7/VcbUUfUnWjloEtuSjpXOBA9yG7nJu5XTL+jK8Jpc89U0rQdKKTWTxa7VE1rfVcwQfZv7xhytho4iF75x6CvwvBHg9yR7PUV7KBFYWJMe1LuTFDBzco+od3mwlPN7DKD9Fm1ip3lxQOJmRW2bnIo+472Yy12J9/b1oU6QzABotwx2FoDnDNnrYR86EZJi12jRpNryLnDefNvCNhz59Xk= root@ubunt20\n\n",
            "storage": "",
            "storage_type": "",
            "tags": "",
            "target_node": "proxmox",
            "unused_disk": [],
            "vcpus": 0,
            "vga": [],
            "vlan": -1,
            "vmid": null
          },
          "sensitive_attributes": [],
          "private": "bnVsbA=="
        },
        {
          "index_key": 1,
          "schema_version": 0,
          "attributes": {
            "additional_wait": 15,
            "agent": 1,
            "args": "",
            "balloon": 0,
            "bios": "seabios",
            "boot": "cdn",
            "bootdisk": "scsi0",
            "bridge": "",
            "ci_wait": null,
            "cicustom": "",
            "cipassword": "",
            "ciuser": "root",
            "clone": "template",
            "clone_wait": 15,
            "cloudinit_cdrom_storage": null,
            "cores": 2,
            "cpu": "host",
            "default_ipv4_address": "192.168.1.202",
            "define_connection_info": true,
            "desc": "",
            "disk": [
              {
                "backup": 0,
                "cache": "none",
                "discard": "",
                "file": "vm-103-disk-0",
                "format": "raw",
                "iothread": 1,
                "mbps": 0,
                "mbps_rd": 0,
                "mbps_rd_max": 0,
                "mbps_wr": 0,
                "mbps_wr_max": 0,
                "media": "",
                "replicate": 0,
                "size": "20G",
                "slot": 0,
                "ssd": 0,
                "storage": "drive",
                "storage_type": "lvm",
                "type": "scsi",
                "volume": "drive:vm-103-disk-0"
              }
            ],
            "disk_gb": 0,
            "force_create": false,
            "force_recreate_on_change_of": null,
            "full_clone": true,
            "guest_agent_ready_timeout": 600,
            "hastate": "",
            "hotplug": "network,disk,usb",
            "id": "proxmox/qemu/103",
            "ipconfig0": "ip=192.168.1.202/24,gw=192.168.1.1",
            "ipconfig1": "",
            "ipconfig2": "",
            "iso": null,
            "kvm": true,
            "mac": "",
            "memory": 4096,
            "name": "node-02",
            "nameserver": "",
            "network": [
              {
                "bridge": "vmbr0",
                "firewall": false,
                "link_down": false,
                "macaddr": "4E:90:39:CB:EF:6E",
                "model": "virtio",
                "queues": 0,
                "rate": 0,
                "tag": -1
              }
            ],
            "nic": "",
            "numa": false,
            "onboot": true,
            "os_network_config": null,
            "os_type": "cloud-init",
            "pool": "",
            "preprovision": true,
            "qemu_os": "other",
            "reboot_required": false,
            "scsihw": "virtio-scsi-pci",
            "searchdomain": "",
            "serial": [],
            "sockets": 1,
            "ssh_forward_ip": null,
            "ssh_host": "192.168.1.202",
            "ssh_port": "22",
            "ssh_private_key": null,
            "ssh_user": null,
            "sshkeys": "  ssh-rsa AAAAB3NzaC1yc2EAAAADAQABAAABgQDi9PhI5M+VyTkBQuB6eh7TaF4ZHgkWF/zL7RCCMfv2eg2IG4lVhWxaTlbjoebAdxpjy1GuLGYG8Pc/rC+SfM3iBNKh+XaYHsqkxy0A75whcyT4L3lQB/LVaQlGnGLtHnlrdnB1FWZ71ThxkQdDpf2Ftrc9WLpjONF9vfJikgsTj5E7AalguXcv1f7iIuLCnKwxHSKt3izdZqBw+uFmoX49iWeyTeGmcfzCPv2cjceljuZrRlbKOLqVGBRKI+0PUYaful/1bogMs+IgWIRjDgWMe664VTfoxGJa2xHy9ua4tn7/VcbUUfUnWjloEtuSjpXOBA9yG7nJu5XTL+jK8Jpc89U0rQdKKTWTxa7VE1rfVcwQfZv7xhytho4iF75x6CvwvBHg9yR7PUV7KBFYWJMe1LuTFDBzco+od3mwlPN7DKD9Fm1ip3lxQOJmRW2bnIo+472Yy12J9/b1oU6QzABotwx2FoDnDNnrYR86EZJi12jRpNryLnDefNvCNhz59Xk= root@ubunt20\n\n",
            "storage": "",
            "storage_type": "",
            "tags": "",
            "target_node": "proxmox",
            "unused_disk": [],
            "vcpus": 0,
            "vga": [],
            "vlan": -1,
            "vmid": null
          },
          "sensitive_attributes": [],
          "private": "bnVsbA=="
        },
        {
          "index_key": 2,
          "schema_version": 0,
          "attributes": {
            "additional_wait": 15,
            "agent": 1,
            "args": "",
            "balloon": 0,
            "bios": "seabios",
            "boot": "cdn",
            "bootdisk": "scsi0",
            "bridge": "",
            "ci_wait": null,
            "cicustom": "",
            "cipassword": "",
            "ciuser": "root",
            "clone": "template",
            "clone_wait": 15,
            "cloudinit_cdrom_storage": null,
            "cores": 2,
            "cpu": "host",
            "default_ipv4_address": "192.168.1.203",
            "define_connection_info": true,
            "desc": "",
            "disk": [
              {
                "backup": 0,
                "cache": "none",
                "discard": "",
                "file": "vm-106-disk-0",
                "format": "raw",
                "iothread": 1,
                "mbps": 0,
                "mbps_rd": 0,
                "mbps_rd_max": 0,
                "mbps_wr": 0,
                "mbps_wr_max": 0,
                "media": "",
                "replicate": 0,
                "size": "20G",
                "slot": 0,
                "ssd": 0,
                "storage": "drive",
                "storage_type": "lvm",
                "type": "scsi",
                "volume": "drive:vm-106-disk-0"
              }
            ],
            "disk_gb": 0,
            "force_create": false,
            "force_recreate_on_change_of": null,
            "full_clone": true,
            "guest_agent_ready_timeout": 600,
            "hastate": "",
            "hotplug": "network,disk,usb",
            "id": "proxmox/qemu/106",
            "ipconfig0": "ip=192.168.1.203/24,gw=192.168.1.1",
            "ipconfig1": "",
            "ipconfig2": "",
            "iso": null,
            "kvm": true,
            "mac": "",
            "memory": 4096,
            "name": "node-03",
            "nameserver": "",
            "network": [
              {
                "bridge": "vmbr0",
                "firewall": false,
                "link_down": false,
                "macaddr": "EA:DB:03:57:83:D6",
                "model": "virtio",
                "queues": 0,
                "rate": 0,
                "tag": -1
              }
            ],
            "nic": "",
            "numa": false,
            "onboot": true,
            "os_network_config": null,
            "os_type": "cloud-init",
            "pool": "",
            "preprovision": true,
            "qemu_os": "other",
            "reboot_required": false,
            "scsihw": "virtio-scsi-pci",
            "searchdomain": "",
            "serial": [],
            "sockets": 1,
            "ssh_forward_ip": null,
            "ssh_host": "192.168.1.203",
            "ssh_port": "22",
            "ssh_private_key": null,
            "ssh_user": null,
            "sshkeys": "  ssh-rsa AAAAB3NzaC1yc2EAAAADAQABAAABgQDi9PhI5M+VyTkBQuB6eh7TaF4ZHgkWF/zL7RCCMfv2eg2IG4lVhWxaTlbjoebAdxpjy1GuLGYG8Pc/rC+SfM3iBNKh+XaYHsqkxy0A75whcyT4L3lQB/LVaQlGnGLtHnlrdnB1FWZ71ThxkQdDpf2Ftrc9WLpjONF9vfJikgsTj5E7AalguXcv1f7iIuLCnKwxHSKt3izdZqBw+uFmoX49iWeyTeGmcfzCPv2cjceljuZrRlbKOLqVGBRKI+0PUYaful/1bogMs+IgWIRjDgWMe664VTfoxGJa2xHy9ua4tn7/VcbUUfUnWjloEtuSjpXOBA9yG7nJu5XTL+jK8Jpc89U0rQdKKTWTxa7VE1rfVcwQfZv7xhytho4iF75x6CvwvBHg9yR7PUV7KBFYWJMe1LuTFDBzco+od3mwlPN7DKD9Fm1ip3lxQOJmRW2bnIo+472Yy12J9/b1oU6QzABotwx2FoDnDNnrYR86EZJi12jRpNryLnDefNvCNhz59Xk= root@ubunt20\n\n",
            "storage": "",
            "storage_type": "",
            "tags": "",
            "target_node": "proxmox",
            "unused_disk": [],
            "vcpus": 0,
            "vga": [],
            "vlan": -1,
            "vmid": null
          },
          "sensitive_attributes": [],
          "private": "bnVsbA=="
        },
        {
          "index_key": 3,
          "schema_version": 0,
          "attributes": {
            "additional_wait": 15,
            "agent": 1,
            "args": "",
            "balloon": 0,
            "bios": "seabios",
            "boot": "cdn",
            "bootdisk": "scsi0",
            "bridge": "",
            "ci_wait": null,
            "cicustom": "",
            "cipassword": "",
            "ciuser": "root",
            "clone": "template",
            "clone_wait": 15,
            "cloudinit_cdrom_storage": null,
            "cores": 2,
            "cpu": "host",
            "default_ipv4_address": "192.168.1.204",
            "define_connection_info": true,
            "desc": "",
            "disk": [
              {
                "backup": 0,
                "cache": "none",
                "discard": "",
                "file": "vm-104-disk-0",
                "format": "raw",
                "iothread": 1,
                "mbps": 0,
                "mbps_rd": 0,
                "mbps_rd_max": 0,
                "mbps_wr": 0,
                "mbps_wr_max": 0,
                "media": "",
                "replicate": 0,
                "size": "20G",
                "slot": 0,
                "ssd": 0,
                "storage": "drive",
                "storage_type": "lvm",
                "type": "scsi",
                "volume": "drive:vm-104-disk-0"
              }
            ],
            "disk_gb": 0,
            "force_create": false,
            "force_recreate_on_change_of": null,
            "full_clone": true,
            "guest_agent_ready_timeout": 600,
            "hastate": "",
            "hotplug": "network,disk,usb",
            "id": "proxmox/qemu/104",
            "ipconfig0": "ip=192.168.1.204/24,gw=192.168.1.1",
            "ipconfig1": "",
            "ipconfig2": "",
            "iso": null,
            "kvm": true,
            "mac": "",
            "memory": 4096,
            "name": "node-04",
            "nameserver": "",
            "network": [
              {
                "bridge": "vmbr0",
                "firewall": false,
                "link_down": false,
                "macaddr": "26:C5:71:00:2E:2B",
                "model": "virtio",
                "queues": 0,
                "rate": 0,
                "tag": -1
              }
            ],
            "nic": "",
            "numa": false,
            "onboot": true,
            "os_network_config": null,
            "os_type": "cloud-init",
            "pool": "",
            "preprovision": true,
            "qemu_os": "other",
            "reboot_required": false,
            "scsihw": "virtio-scsi-pci",
            "searchdomain": "",
            "serial": [],
            "sockets": 1,
            "ssh_forward_ip": null,
            "ssh_host": "192.168.1.204",
            "ssh_port": "22",
            "ssh_private_key": null,
            "ssh_user": null,
            "sshkeys": "  ssh-rsa AAAAB3NzaC1yc2EAAAADAQABAAABgQDi9PhI5M+VyTkBQuB6eh7TaF4ZHgkWF/zL7RCCMfv2eg2IG4lVhWxaTlbjoebAdxpjy1GuLGYG8Pc/rC+SfM3iBNKh+XaYHsqkxy0A75whcyT4L3lQB/LVaQlGnGLtHnlrdnB1FWZ71ThxkQdDpf2Ftrc9WLpjONF9vfJikgsTj5E7AalguXcv1f7iIuLCnKwxHSKt3izdZqBw+uFmoX49iWeyTeGmcfzCPv2cjceljuZrRlbKOLqVGBRKI+0PUYaful/1bogMs+IgWIRjDgWMe664VTfoxGJa2xHy9ua4tn7/VcbUUfUnWjloEtuSjpXOBA9yG7nJu5XTL+jK8Jpc89U0rQdKKTWTxa7VE1rfVcwQfZv7xhytho4iF75x6CvwvBHg9yR7PUV7KBFYWJMe1LuTFDBzco+od3mwlPN7DKD9Fm1ip3lxQOJmRW2bnIo+472Yy12J9/b1oU6QzABotwx2FoDnDNnrYR86EZJi12jRpNryLnDefNvCNhz59Xk= root@ubunt20\n\n",
            "storage": "",
            "storage_type": "",
            "tags": "",
            "target_node": "proxmox",
            "unused_disk": [],
            "vcpus": 0,
            "vga": [],
            "vlan": -1,
            "vmid": null
          },
          "sensitive_attributes": [],
          "private": "bnVsbA=="
        },
        {
          "index_key": 4,
          "schema_version": 0,
          "attributes": {
            "additional_wait": 15,
            "agent": 1,
            "args": "",
            "balloon": 0,
            "bios": "seabios",
            "boot": "cdn",
            "bootdisk": "scsi0",
            "bridge": "",
            "ci_wait": null,
            "cicustom": "",
            "cipassword": "",
            "ciuser": "root",
            "clone": "template",
            "clone_wait": 15,
            "cloudinit_cdrom_storage": null,
            "cores": 2,
            "cpu": "host",
            "default_ipv4_address": "192.168.1.205",
            "define_connection_info": true,
            "desc": "",
            "disk": [
              {
                "backup": 0,
                "cache": "none",
                "discard": "",
                "file": "vm-105-disk-0",
                "format": "raw",
                "iothread": 1,
                "mbps": 0,
                "mbps_rd": 0,
                "mbps_rd_max": 0,
                "mbps_wr": 0,
                "mbps_wr_max": 0,
                "media": "",
                "replicate": 0,
                "size": "20G",
                "slot": 0,
                "ssd": 0,
                "storage": "drive",
                "storage_type": "lvm",
                "type": "scsi",
                "volume": "drive:vm-105-disk-0"
              }
            ],
            "disk_gb": 0,
            "force_create": false,
            "force_recreate_on_change_of": null,
            "full_clone": true,
            "guest_agent_ready_timeout": 600,
            "hastate": "",
            "hotplug": "network,disk,usb",
            "id": "proxmox/qemu/105",
            "ipconfig0": "ip=192.168.1.205/24,gw=192.168.1.1",
            "ipconfig1": "",
            "ipconfig2": "",
            "iso": null,
            "kvm": true,
            "mac": "",
            "memory": 4096,
            "name": "node-05",
            "nameserver": "",
            "network": [
              {
                "bridge": "vmbr0",
                "firewall": false,
                "link_down": false,
                "macaddr": "66:AD:5F:52:0E:1A",
                "model": "virtio",
                "queues": 0,
                "rate": 0,
                "tag": -1
              }
            ],
            "nic": "",
            "numa": false,
            "onboot": true,
            "os_network_config": null,
            "os_type": "cloud-init",
            "pool": "",
            "preprovision": true,
            "qemu_os": "other",
            "reboot_required": false,
            "scsihw": "virtio-scsi-pci",
            "searchdomain": "",
            "serial": [],
            "sockets": 1,
            "ssh_forward_ip": null,
            "ssh_host": "192.168.1.205",
            "ssh_port": "22",
            "ssh_private_key": null,
            "ssh_user": null,
            "sshkeys": "  ssh-rsa AAAAB3NzaC1yc2EAAAADAQABAAABgQDi9PhI5M+VyTkBQuB6eh7TaF4ZHgkWF/zL7RCCMfv2eg2IG4lVhWxaTlbjoebAdxpjy1GuLGYG8Pc/rC+SfM3iBNKh+XaYHsqkxy0A75whcyT4L3lQB/LVaQlGnGLtHnlrdnB1FWZ71ThxkQdDpf2Ftrc9WLpjONF9vfJikgsTj5E7AalguXcv1f7iIuLCnKwxHSKt3izdZqBw+uFmoX49iWeyTeGmcfzCPv2cjceljuZrRlbKOLqVGBRKI+0PUYaful/1bogMs+IgWIRjDgWMe664VTfoxGJa2xHy9ua4tn7/VcbUUfUnWjloEtuSjpXOBA9yG7nJu5XTL+jK8Jpc89U0rQdKKTWTxa7VE1rfVcwQfZv7xhytho4iF75x6CvwvBHg9yR7PUV7KBFYWJMe1LuTFDBzco+od3mwlPN7DKD9Fm1ip3lxQOJmRW2bnIo+472Yy12J9/b1oU6QzABotwx2FoDnDNnrYR86EZJi12jRpNryLnDefNvCNhz59Xk= root@ubunt20\n\n",
            "storage": "",
            "storage_type": "",
            "tags": "",
            "target_node": "proxmox",
            "unused_disk": [],
            "vcpus": 0,
            "vga": [],
            "vlan": -1,
            "vmid": null
          },
          "sensitive_attributes": [],
          "private": "bnVsbA=="
        }
      ]
    }
  ]
}
