{
  "version": 4,
  "terraform_version": "1.1.4",
  "serial": 69,
  "lineage": "f470ba1d-62e7-4dae-fcb2-004a9476f570",
  "outputs": {},
  "resources": [
    {
      "mode": "managed",
      "type": "proxmox_vm_qemu",
      "name": "node",
      "provider": "provider[\"registry.terraform.io/telmate/proxmox\"]",
      "instances": [
        {
          "index_key": 0,
          "schema_version": 0,
          "attributes": {
            "additional_wait": 15,
            "agent": 1,
            "args": "",
            "balloon": 0,
            "bios": "seabios",
            "boot": "cdn",
            "bootdisk": "scsi0",
            "bridge": "",
            "ci_wait": null,
            "cicustom": "",
            "cipassword": "",
            "ciuser": "root",
            "clone": "ubuntu",
            "clone_wait": 15,
            "cloudinit_cdrom_storage": null,
            "cores": 2,
            "cpu": "host",
            "default_ipv4_address": "192.168.1.201",
            "define_connection_info": true,
            "desc": "",
            "disk": [
              {
                "backup": 0,
                "cache": "none",
                "discard": "",
                "file": "vm-103-disk-0",
                "format": "raw",
                "iothread": 1,
                "mbps": 0,
                "mbps_rd": 0,
                "mbps_rd_max": 0,
                "mbps_wr": 0,
                "mbps_wr_max": 0,
                "media": "",
                "replicate": 0,
                "size": "21G",
                "slot": 0,
                "ssd": 0,
                "storage": "drive",
                "storage_type": "lvm",
                "type": "scsi",
                "volume": "drive:vm-103-disk-0"
              }
            ],
            "disk_gb": 0,
            "force_create": false,
            "force_recreate_on_change_of": null,
            "full_clone": true,
            "guest_agent_ready_timeout": 600,
            "hastate": "",
            "hotplug": "network,disk,usb",
            "id": "proxmox/qemu/103",
            "ipconfig0": "ip=192.168.1.201/24,gw=192.168.1.1",
            "ipconfig1": "",
            "ipconfig2": "",
            "iso": null,
            "kvm": true,
            "mac": "",
            "memory": 3000,
            "name": "node-01",
            "nameserver": "",
            "network": [
              {
                "bridge": "vmbr0",
                "firewall": false,
                "link_down": false,
                "macaddr": "66:F7:AE:4F:D8:2C",
                "model": "virtio",
                "queues": 0,
                "rate": 0,
                "tag": -1
              }
            ],
            "nic": "",
            "numa": false,
            "onboot": true,
            "os_network_config": null,
            "os_type": "cloud-init",
            "pool": "",
            "preprovision": true,
            "qemu_os": "other",
            "reboot_required": false,
            "scsihw": "virtio-scsi-pci",
            "searchdomain": "",
            "serial": [],
            "sockets": 1,
            "ssh_forward_ip": null,
            "ssh_host": "192.168.1.201",
            "ssh_port": "22",
            "ssh_private_key": null,
            "ssh_user": null,
            "sshkeys": "  ssh-rsa AAAAB3NzaC1yc2EAAAADAQABAAABgQDKEeKirN+yZJTFOA0g1Rp1/SbsCQ49Se/cA/ta9bNLClDL8dvK6fydQSTFlhYVBOWd2XtrEobaSoC6CuYsBV2LN42yXsmZ6IUCBE9h/05VPsdLHOn8zOyovbXOeABK6C285lBJyf72ciJliD8WEavNTfbCxnbcHclJEwgVqJTemCbPSWrk10r5TgvfBAL9gA0K425fHmLrhG3S123XRPH4YsDNXSxm+V0fCREQXkMRgXYB+N+eTF2JtoYS7FOldTeoJNqHXYOwycXkemrsdRhTGjJC2vsTzTWQl+Ma9Y/ALMXc0FKmWIa1ABmp5vPZn4QoVL4JRfuH19VdZmXtWwuDZawRPyP7cABOT4hMtjR18LeqwfOoUB6mLIXf0hCoW5xqqsEo18Wk/tj8ha3pC6eIt/SOWsIT+2VCGYSCrj0kU5qMRIXRg90OqnjcrCZ3aGhj7qHH3+xyy9hZGJMDGmhWdH6bF93oxQeWqhtjgn79zpavA0gF3IrbPi1e+UeE1cU= root@lb\n\n",
            "storage": "",
            "storage_type": "",
            "tags": "",
            "target_node": "proxmox",
            "unused_disk": [],
            "vcpus": 0,
            "vga": [],
            "vlan": -1,
            "vmid": null
          },
          "sensitive_attributes": [],
          "private": "bnVsbA=="
        },
        {
          "index_key": 1,
          "schema_version": 0,
          "attributes": {
            "additional_wait": 15,
            "agent": 1,
            "args": "",
            "balloon": 0,
            "bios": "seabios",
            "boot": "cdn",
            "bootdisk": "scsi0",
            "bridge": "",
            "ci_wait": null,
            "cicustom": "",
            "cipassword": "",
            "ciuser": "root",
            "clone": "ubuntu",
            "clone_wait": 15,
            "cloudinit_cdrom_storage": null,
            "cores": 2,
            "cpu": "host",
            "default_ipv4_address": "192.168.1.202",
            "define_connection_info": true,
            "desc": "",
            "disk": [
              {
                "backup": 0,
                "cache": "none",
                "discard": "",
                "file": "vm-104-disk-0",
                "format": "raw",
                "iothread": 1,
                "mbps": 0,
                "mbps_rd": 0,
                "mbps_rd_max": 0,
                "mbps_wr": 0,
                "mbps_wr_max": 0,
                "media": "",
                "replicate": 0,
                "size": "21G",
                "slot": 0,
                "ssd": 0,
                "storage": "drive",
                "storage_type": "lvm",
                "type": "scsi",
                "volume": "drive:vm-104-disk-0"
              }
            ],
            "disk_gb": 0,
            "force_create": false,
            "force_recreate_on_change_of": null,
            "full_clone": true,
            "guest_agent_ready_timeout": 600,
            "hastate": "",
            "hotplug": "network,disk,usb",
            "id": "proxmox/qemu/104",
            "ipconfig0": "ip=192.168.1.202/24,gw=192.168.1.1",
            "ipconfig1": "",
            "ipconfig2": "",
            "iso": null,
            "kvm": true,
            "mac": "",
            "memory": 3000,
            "name": "node-02",
            "nameserver": "",
            "network": [
              {
                "bridge": "vmbr0",
                "firewall": false,
                "link_down": false,
                "macaddr": "56:44:88:9C:CB:6F",
                "model": "virtio",
                "queues": 0,
                "rate": 0,
                "tag": -1
              }
            ],
            "nic": "",
            "numa": false,
            "onboot": true,
            "os_network_config": null,
            "os_type": "cloud-init",
            "pool": "",
            "preprovision": true,
            "qemu_os": "other",
            "reboot_required": false,
            "scsihw": "virtio-scsi-pci",
            "searchdomain": "",
            "serial": [],
            "sockets": 1,
            "ssh_forward_ip": null,
            "ssh_host": "192.168.1.202",
            "ssh_port": "22",
            "ssh_private_key": null,
            "ssh_user": null,
            "sshkeys": "  ssh-rsa AAAAB3NzaC1yc2EAAAADAQABAAABgQDKEeKirN+yZJTFOA0g1Rp1/SbsCQ49Se/cA/ta9bNLClDL8dvK6fydQSTFlhYVBOWd2XtrEobaSoC6CuYsBV2LN42yXsmZ6IUCBE9h/05VPsdLHOn8zOyovbXOeABK6C285lBJyf72ciJliD8WEavNTfbCxnbcHclJEwgVqJTemCbPSWrk10r5TgvfBAL9gA0K425fHmLrhG3S123XRPH4YsDNXSxm+V0fCREQXkMRgXYB+N+eTF2JtoYS7FOldTeoJNqHXYOwycXkemrsdRhTGjJC2vsTzTWQl+Ma9Y/ALMXc0FKmWIa1ABmp5vPZn4QoVL4JRfuH19VdZmXtWwuDZawRPyP7cABOT4hMtjR18LeqwfOoUB6mLIXf0hCoW5xqqsEo18Wk/tj8ha3pC6eIt/SOWsIT+2VCGYSCrj0kU5qMRIXRg90OqnjcrCZ3aGhj7qHH3+xyy9hZGJMDGmhWdH6bF93oxQeWqhtjgn79zpavA0gF3IrbPi1e+UeE1cU= root@lb\n\n",
            "storage": "",
            "storage_type": "",
            "tags": "",
            "target_node": "proxmox",
            "unused_disk": [],
            "vcpus": 0,
            "vga": [],
            "vlan": -1,
            "vmid": null
          },
          "sensitive_attributes": [],
          "private": "bnVsbA=="
        },
        {
          "index_key": 2,
          "schema_version": 0,
          "attributes": {
            "additional_wait": 15,
            "agent": 1,
            "args": "",
            "balloon": 0,
            "bios": "seabios",
            "boot": "cdn",
            "bootdisk": "scsi0",
            "bridge": "",
            "ci_wait": null,
            "cicustom": "",
            "cipassword": "",
            "ciuser": "root",
            "clone": "ubuntu",
            "clone_wait": 15,
            "cloudinit_cdrom_storage": null,
            "cores": 2,
            "cpu": "host",
            "default_ipv4_address": "192.168.1.203",
            "define_connection_info": true,
            "desc": "",
            "disk": [
              {
                "backup": 0,
                "cache": "none",
                "discard": "",
                "file": "vm-102-disk-0",
                "format": "raw",
                "iothread": 1,
                "mbps": 0,
                "mbps_rd": 0,
                "mbps_rd_max": 0,
                "mbps_wr": 0,
                "mbps_wr_max": 0,
                "media": "",
                "replicate": 0,
                "size": "21G",
                "slot": 0,
                "ssd": 0,
                "storage": "drive",
                "storage_type": "lvm",
                "type": "scsi",
                "volume": "drive:vm-102-disk-0"
              }
            ],
            "disk_gb": 0,
            "force_create": false,
            "force_recreate_on_change_of": null,
            "full_clone": true,
            "guest_agent_ready_timeout": 600,
            "hastate": "",
            "hotplug": "network,disk,usb",
            "id": "proxmox/qemu/102",
            "ipconfig0": "ip=192.168.1.203/24,gw=192.168.1.1",
            "ipconfig1": "",
            "ipconfig2": "",
            "iso": null,
            "kvm": true,
            "mac": "",
            "memory": 3000,
            "name": "node-03",
            "nameserver": "",
            "network": [
              {
                "bridge": "vmbr0",
                "firewall": false,
                "link_down": false,
                "macaddr": "9A:E3:BB:3D:7F:46",
                "model": "virtio",
                "queues": 0,
                "rate": 0,
                "tag": -1
              }
            ],
            "nic": "",
            "numa": false,
            "onboot": true,
            "os_network_config": null,
            "os_type": "cloud-init",
            "pool": "",
            "preprovision": true,
            "qemu_os": "other",
            "reboot_required": false,
            "scsihw": "virtio-scsi-pci",
            "searchdomain": "",
            "serial": [],
            "sockets": 1,
            "ssh_forward_ip": null,
            "ssh_host": "192.168.1.203",
            "ssh_port": "22",
            "ssh_private_key": null,
            "ssh_user": null,
            "sshkeys": "  ssh-rsa AAAAB3NzaC1yc2EAAAADAQABAAABgQDKEeKirN+yZJTFOA0g1Rp1/SbsCQ49Se/cA/ta9bNLClDL8dvK6fydQSTFlhYVBOWd2XtrEobaSoC6CuYsBV2LN42yXsmZ6IUCBE9h/05VPsdLHOn8zOyovbXOeABK6C285lBJyf72ciJliD8WEavNTfbCxnbcHclJEwgVqJTemCbPSWrk10r5TgvfBAL9gA0K425fHmLrhG3S123XRPH4YsDNXSxm+V0fCREQXkMRgXYB+N+eTF2JtoYS7FOldTeoJNqHXYOwycXkemrsdRhTGjJC2vsTzTWQl+Ma9Y/ALMXc0FKmWIa1ABmp5vPZn4QoVL4JRfuH19VdZmXtWwuDZawRPyP7cABOT4hMtjR18LeqwfOoUB6mLIXf0hCoW5xqqsEo18Wk/tj8ha3pC6eIt/SOWsIT+2VCGYSCrj0kU5qMRIXRg90OqnjcrCZ3aGhj7qHH3+xyy9hZGJMDGmhWdH6bF93oxQeWqhtjgn79zpavA0gF3IrbPi1e+UeE1cU= root@lb\n\n",
            "storage": "",
            "storage_type": "",
            "tags": "",
            "target_node": "proxmox",
            "unused_disk": [],
            "vcpus": 0,
            "vga": [],
            "vlan": -1,
            "vmid": null
          },
          "sensitive_attributes": [],
          "private": "bnVsbA=="
        },
        {
          "index_key": 3,
          "schema_version": 0,
          "attributes": {
            "additional_wait": 15,
            "agent": 1,
            "args": "",
            "balloon": 0,
            "bios": "seabios",
            "boot": "cdn",
            "bootdisk": "scsi0",
            "bridge": "",
            "ci_wait": null,
            "cicustom": "",
            "cipassword": "",
            "ciuser": "root",
            "clone": "ubuntu",
            "clone_wait": 15,
            "cloudinit_cdrom_storage": null,
            "cores": 2,
            "cpu": "host",
            "default_ipv4_address": "192.168.1.204",
            "define_connection_info": true,
            "desc": "",
            "disk": [
              {
                "backup": 0,
                "cache": "none",
                "discard": "",
                "file": "vm-105-disk-0",
                "format": "raw",
                "iothread": 1,
                "mbps": 0,
                "mbps_rd": 0,
                "mbps_rd_max": 0,
                "mbps_wr": 0,
                "mbps_wr_max": 0,
                "media": "",
                "replicate": 0,
                "size": "21G",
                "slot": 0,
                "ssd": 0,
                "storage": "drive",
                "storage_type": "lvm",
                "type": "scsi",
                "volume": "drive:vm-105-disk-0"
              }
            ],
            "disk_gb": 0,
            "force_create": false,
            "force_recreate_on_change_of": null,
            "full_clone": true,
            "guest_agent_ready_timeout": 600,
            "hastate": "",
            "hotplug": "network,disk,usb",
            "id": "proxmox/qemu/105",
            "ipconfig0": "ip=192.168.1.204/24,gw=192.168.1.1",
            "ipconfig1": "",
            "ipconfig2": "",
            "iso": null,
            "kvm": true,
            "mac": "",
            "memory": 3000,
            "name": "node-04",
            "nameserver": "",
            "network": [
              {
                "bridge": "vmbr0",
                "firewall": false,
                "link_down": false,
                "macaddr": "FA:75:0A:A2:54:73",
                "model": "virtio",
                "queues": 0,
                "rate": 0,
                "tag": -1
              }
            ],
            "nic": "",
            "numa": false,
            "onboot": true,
            "os_network_config": null,
            "os_type": "cloud-init",
            "pool": "",
            "preprovision": true,
            "qemu_os": "other",
            "reboot_required": false,
            "scsihw": "virtio-scsi-pci",
            "searchdomain": "",
            "serial": [],
            "sockets": 1,
            "ssh_forward_ip": null,
            "ssh_host": "192.168.1.204",
            "ssh_port": "22",
            "ssh_private_key": null,
            "ssh_user": null,
            "sshkeys": "  ssh-rsa AAAAB3NzaC1yc2EAAAADAQABAAABgQDKEeKirN+yZJTFOA0g1Rp1/SbsCQ49Se/cA/ta9bNLClDL8dvK6fydQSTFlhYVBOWd2XtrEobaSoC6CuYsBV2LN42yXsmZ6IUCBE9h/05VPsdLHOn8zOyovbXOeABK6C285lBJyf72ciJliD8WEavNTfbCxnbcHclJEwgVqJTemCbPSWrk10r5TgvfBAL9gA0K425fHmLrhG3S123XRPH4YsDNXSxm+V0fCREQXkMRgXYB+N+eTF2JtoYS7FOldTeoJNqHXYOwycXkemrsdRhTGjJC2vsTzTWQl+Ma9Y/ALMXc0FKmWIa1ABmp5vPZn4QoVL4JRfuH19VdZmXtWwuDZawRPyP7cABOT4hMtjR18LeqwfOoUB6mLIXf0hCoW5xqqsEo18Wk/tj8ha3pC6eIt/SOWsIT+2VCGYSCrj0kU5qMRIXRg90OqnjcrCZ3aGhj7qHH3+xyy9hZGJMDGmhWdH6bF93oxQeWqhtjgn79zpavA0gF3IrbPi1e+UeE1cU= root@lb\n\n",
            "storage": "",
            "storage_type": "",
            "tags": "",
            "target_node": "proxmox",
            "unused_disk": [],
            "vcpus": 0,
            "vga": [],
            "vlan": -1,
            "vmid": null
          },
          "sensitive_attributes": [],
          "private": "bnVsbA=="
        },
        {
          "index_key": 4,
          "schema_version": 0,
          "attributes": {
            "additional_wait": 15,
            "agent": 1,
            "args": "",
            "balloon": 0,
            "bios": "seabios",
            "boot": "cdn",
            "bootdisk": "scsi0",
            "bridge": "",
            "ci_wait": null,
            "cicustom": "",
            "cipassword": "",
            "ciuser": "root",
            "clone": "ubuntu",
            "clone_wait": 15,
            "cloudinit_cdrom_storage": null,
            "cores": 2,
            "cpu": "host",
            "default_ipv4_address": "192.168.1.205",
            "define_connection_info": true,
            "desc": "",
            "disk": [
              {
                "backup": 0,
                "cache": "none",
                "discard": "",
                "file": "vm-106-disk-0",
                "format": "raw",
                "iothread": 1,
                "mbps": 0,
                "mbps_rd": 0,
                "mbps_rd_max": 0,
                "mbps_wr": 0,
                "mbps_wr_max": 0,
                "media": "",
                "replicate": 0,
                "size": "21G",
                "slot": 0,
                "ssd": 0,
                "storage": "drive",
                "storage_type": "lvm",
                "type": "scsi",
                "volume": "drive:vm-106-disk-0"
              }
            ],
            "disk_gb": 0,
            "force_create": false,
            "force_recreate_on_change_of": null,
            "full_clone": true,
            "guest_agent_ready_timeout": 600,
            "hastate": "",
            "hotplug": "network,disk,usb",
            "id": "proxmox/qemu/106",
            "ipconfig0": "ip=192.168.1.205/24,gw=192.168.1.1",
            "ipconfig1": "",
            "ipconfig2": "",
            "iso": null,
            "kvm": true,
            "mac": "",
            "memory": 3000,
            "name": "node-05",
            "nameserver": "",
            "network": [
              {
                "bridge": "vmbr0",
                "firewall": false,
                "link_down": false,
                "macaddr": "1A:6D:4D:BA:D6:A2",
                "model": "virtio",
                "queues": 0,
                "rate": 0,
                "tag": -1
              }
            ],
            "nic": "",
            "numa": false,
            "onboot": true,
            "os_network_config": null,
            "os_type": "cloud-init",
            "pool": "",
            "preprovision": true,
            "qemu_os": "other",
            "reboot_required": false,
            "scsihw": "virtio-scsi-pci",
            "searchdomain": "",
            "serial": [],
            "sockets": 1,
            "ssh_forward_ip": null,
            "ssh_host": "192.168.1.205",
            "ssh_port": "22",
            "ssh_private_key": null,
            "ssh_user": null,
            "sshkeys": "  ssh-rsa AAAAB3NzaC1yc2EAAAADAQABAAABgQDKEeKirN+yZJTFOA0g1Rp1/SbsCQ49Se/cA/ta9bNLClDL8dvK6fydQSTFlhYVBOWd2XtrEobaSoC6CuYsBV2LN42yXsmZ6IUCBE9h/05VPsdLHOn8zOyovbXOeABK6C285lBJyf72ciJliD8WEavNTfbCxnbcHclJEwgVqJTemCbPSWrk10r5TgvfBAL9gA0K425fHmLrhG3S123XRPH4YsDNXSxm+V0fCREQXkMRgXYB+N+eTF2JtoYS7FOldTeoJNqHXYOwycXkemrsdRhTGjJC2vsTzTWQl+Ma9Y/ALMXc0FKmWIa1ABmp5vPZn4QoVL4JRfuH19VdZmXtWwuDZawRPyP7cABOT4hMtjR18LeqwfOoUB6mLIXf0hCoW5xqqsEo18Wk/tj8ha3pC6eIt/SOWsIT+2VCGYSCrj0kU5qMRIXRg90OqnjcrCZ3aGhj7qHH3+xyy9hZGJMDGmhWdH6bF93oxQeWqhtjgn79zpavA0gF3IrbPi1e+UeE1cU= root@lb\n\n",
            "storage": "",
            "storage_type": "",
            "tags": "",
            "target_node": "proxmox",
            "unused_disk": [],
            "vcpus": 0,
            "vga": [],
            "vlan": -1,
            "vmid": null
          },
          "sensitive_attributes": [],
          "private": "bnVsbA=="
        }
      ]
    }
  ]
}
